
Microsoft Visual Studio Solution File, Format Version 12.00
# Visual Studio Version 17
VisualStudioVersion = 17.10.35027.167
MinimumVisualStudioVersion = 10.0.40219.1
Project("{FAE04EC0-301F-11D3-BF4B-00C04F79EFBC}") = "CosmeticShop", "CosmeticShop\CosmeticShop.csproj", "{36AD2E32-81A9-4F6F-BBFF-BB08CA77178E}"
EndProject
Global
	GlobalSection(SolutionConfigurationPlatforms) = preSolution
		Debug|Any CPU = Debug|Any CPU
		Release|Any CPU = Release|Any CPU
	EndGlobalSection
	GlobalSection(ProjectConfigurationPlatforms) = postSolution
		{36AD2E32-81A9-4F6F-BBFF-BB08CA77178E}.Debug|Any CPU.ActiveCfg = Debug|Any CPU
		{36AD2E32-81A9-4F6F-BBFF-BB08CA77178E}.Debug|Any CPU.Build.0 = Debug|Any CPU
		{36AD2E32-81A9-4F6F-BBFF-BB08CA77178E}.Release|Any CPU.ActiveCfg = Release|Any CPU
		{36AD2E32-81A9-4F6F-BBFF-BB08CA77178E}.Release|Any CPU.Build.0 = Release|Any CPU
	EndGlobalSection
	GlobalSection(SolutionProperties) = preSolution
		HideSolutionNode = FALSE
	EndGlobalSection
	GlobalSection(ExtensibilityGlobals) = postSolution
		SolutionGuid = {693839BE-A6CB-48C1-ADB6-8C856DEA7624}
	EndGlobalSection
EndGlobal
